<?xml version="1.0" encoding="utf-8"?>
<Project ToolsVersion="4.0" xmlns="http://schemas.microsoft.com/developer/msbuild/2003">
  <ItemGroup>
    <Filter Include="源文件">
      <UniqueIdentifier>{4FC737F1-C7A5-4376-A066-2A32D752A2FF}</UniqueIdentifier>
      <Extensions>cpp;c;cc;cxx;c++;cppm;ixx;def;odl;idl;hpj;bat;asm;asmx</Extensions>
    </Filter>
    <Filter Include="头文件">
      <UniqueIdentifier>{93995380-89BD-4b04-88EB-625FBE52EBFB}</UniqueIdentifier>
      <Extensions>h;hh;hpp;hxx;h++;hm;inl;inc;ipp;xsd</Extensions>
    </Filter>
    <Filter Include="资源文件">
      <UniqueIdentifier>{67DA6AB6-F800-4c08-8B7A-83BB121AAD01}</UniqueIdentifier>
      <Extensions>rc;ico;cur;bmp;dlg;rc2;rct;bin;rgs;gif;jpg;jpeg;jpe;resx;tiff;tif;png;wav;mfcribbon-ms</Extensions>
    </Filter>
  </ItemGroup>
  <ItemGroup>
    <ClCompile Include="cg_project.cpp">
      <Filter>源文件</Filter>
    </ClCompile>
    <ClCompile Include="model\src\gameplay.cpp">
      <Filter>源文件</Filter>
    </ClCompile>
    <ClCompile Include="model\src\level_loader.cpp">
      <Filter>源文件</Filter>
    </ClCompile>
    <ClCompile Include="glad.c">
      <Filter>源文件</Filter>
    </ClCompile>
    <ClCompile Include="view\stb_image.cpp">
      <Filter>源文件</Filter>
    </ClCompile>
  </ItemGroup>
  <ItemGroup>
    <ClInclude Include="model\include\gameplay.hpp">
      <Filter>头文件</Filter>
    </ClInclude>
    <ClInclude Include="model\include\level_loader.hpp">
      <Filter>头文件</Filter>
    </ClInclude>
    <ClInclude Include="view\button.hpp">
      <Filter>头文件</Filter>
    </ClInclude>
    <ClInclude Include="view\button_manager.hpp">
      <Filter>头文件</Filter>
    </ClInclude>
    <ClInclude Include="view\game_view.hpp">
      <Filter>头文件</Filter>
    </ClInclude>
    <ClInclude Include="view\uimanager.hpp">
      <Filter>头文件</Filter>
    </ClInclude>
    <ClInclude Include="viewmodel\game_view_model.hpp">
      <Filter>头文件</Filter>
    </ClInclude>
    <ClInclude Include="view\shader.hpp">
      <Filter>头文件</Filter>
    </ClInclude>
    <ClInclude Include="model\portal\portal.h">
      <Filter>头文件</Filter>
    </ClInclude>
    <ClInclude Include="view\skybox_loader.hpp">
      <Filter>头文件</Filter>
    </ClInclude>
  </ItemGroup>
  <ItemGroup>
    <None Include="view\shader\basic.frag">
      <Filter>源文件</Filter>
    </None>
    <None Include="view\shader\basic.vert">
      <Filter>源文件</Filter>
    </None>
    <None Include="view\shader\softcube.frag">
      <Filter>源文件</Filter>
    </None>
    <None Include="view\shader\softcube.vert">
      <Filter>源文件</Filter>
    </None>
    <None Include="model\levels\l1.json">
      <Filter>资源文件</Filter>
    </None>
    <None Include="view\shader\portalSurf.frag">
      <Filter>源文件</Filter>
    </None>
    <None Include="view\shader\portalSurf.vert">
      <Filter>源文件</Filter>
    </None>
    <None Include="view\shader\skybox.frag">
      <Filter>源文件</Filter>
    </None>
    <None Include="view\shader\skybox.vert">
      <Filter>源文件</Filter>
    </None>
    <None Include="view\shader\pbr.frag">
      <Filter>源文件</Filter>
    </None>
    <None Include="view\shader\pbr.vert">
      <Filter>源文件</Filter>
    </None>
    <None Include="view\shader\shadow_depth.frag">
      <Filter>源文件</Filter>
    </None>
    <None Include="view\shader\shadow_depth.vert">
      <Filter>源文件</Filter>
    </None>
    <None Include="view\shader\soft_shadow_depth.frag">
      <Filter>源文件</Filter>
    </None>
    <None Include="view\shader\soft_shadow_depth.vert">
      <Filter>源文件</Filter>
    </None>
  </ItemGroup>
</Project>